// !$*UTF8*$!
{
	archiveVersion = 1;
	classes = {
	};
	objectVersion = 46;
	objects = {

/* Begin PBXBuildFile section */
		C8F041E61D118EAE0065A5A7 /* AppDelegate.swift in Sources */ = {isa = PBXBuildFile; fileRef = C8F041E51D118EAE0065A5A7 /* AppDelegate.swift */; };
		C8F041E81D118EAE0065A5A7 /* ViewController.swift in Sources */ = {isa = PBXBuildFile; fileRef = C8F041E71D118EAE0065A5A7 /* ViewController.swift */; };
		C8F041EB1D118EAE0065A5A7 /* Main.storyboard in Resources */ = {isa = PBXBuildFile; fileRef = C8F041E91D118EAE0065A5A7 /* Main.storyboard */; };
		C8F041ED1D118EAE0065A5A7 /* Assets.xcassets in Resources */ = {isa = PBXBuildFile; fileRef = C8F041EC1D118EAE0065A5A7 /* Assets.xcassets */; };
		C8F041F01D118EAE0065A5A7 /* LaunchScreen.storyboard in Resources */ = {isa = PBXBuildFile; fileRef = C8F041EE1D118EAE0065A5A7 /* LaunchScreen.storyboard */; };
		C8F041FB1D118EAE0065A5A7 /* TestUITestTests.swift in Sources */ = {isa = PBXBuildFile; fileRef = C8F041FA1D118EAE0065A5A7 /* TestUITestTests.swift */; };
		C8F042061D118EAE0065A5A7 /* TestUITestUITests.swift in Sources */ = {isa = PBXBuildFile; fileRef = C8F042051D118EAE0065A5A7 /* TestUITestUITests.swift */; };
/* End PBXBuildFile section */

/* Begin PBXContainerItemProxy section */
		C8F041F71D118EAE0065A5A7 /* PBXContainerItemProxy */ = {
			isa = PBXContainerItemProxy;
			containerPortal = C8F041DA1D118EAD0065A5A7 /* Project object */;
			proxyType = 1;
			remoteGlobalIDString = C8F041E11D118EAD0065A5A7;
			remoteInfo = TestUITest;
		};
		C8F042021D118EAE0065A5A7 /* PBXContainerItemProxy */ = {
			isa = PBXContainerItemProxy;
			containerPortal = C8F041DA1D118EAD0065A5A7 /* Project object */;
			proxyType = 1;
			remoteGlobalIDString = C8F041E11D118EAD0065A5A7;
			remoteInfo = TestUITest;
		};
/* End PBXContainerItemProxy section */

/* Begin PBXFileReference section */
		C8F041E21D118EAE0065A5A7 /* TestUITest.app */ = {isa = PBXFileReference; explicitFileType = wrapper.application; includeInIndex = 0; path = TestUITest.app; sourceTree = BUILT_PRODUCTS_DIR; };
		C8F041E51D118EAE0065A5A7 /* AppDelegate.swift */ = {isa = PBXFileReference; lastKnownFileType = sourcecode.swift; path = AppDelegate.swift; sourceTree = "<group>"; };
		C8F041E71D118EAE0065A5A7 /* ViewController.swift */ = {isa = PBXFileReference; lastKnownFileType = sourcecode.swift; path = ViewController.swift; sourceTree = "<group>"; };
		C8F041EA1D118EAE0065A5A7 /* Base */ = {isa = PBXFileReference; lastKnownFileType = file.storyboard; name = Base; path = Base.lproj/Main.storyboard; sourceTree = "<group>"; };
		C8F041EC1D118EAE0065A5A7 /* Assets.xcassets */ = {isa = PBXFileReference; lastKnownFileType = folder.assetcatalog; path = Assets.xcassets; sourceTree = "<group>"; };
		C8F041EF1D118EAE0065A5A7 /* Base */ = {isa = PBXFileReference; lastKnownFileType = file.storyboard; name = Base; path = Base.lproj/LaunchScreen.storyboard; sourceTree = "<group>"; };
		C8F041F11D118EAE0065A5A7 /* Info.plist */ = {isa = PBXFileReference; lastKnownFileType = text.plist.xml; path = Info.plist; sourceTree = "<group>"; };
		C8F041F61D118EAE0065A5A7 /* TestUITestTests.xctest */ = {isa = PBXFileReference; explicitFileType = wrapper.cfbundle; includeInIndex = 0; path = TestUITestTests.xctest; sourceTree = BUILT_PRODUCTS_DIR; };
		C8F041FA1D118EAE0065A5A7 /* TestUITestTests.swift */ = {isa = PBXFileReference; lastKnownFileType = sourcecode.swift; path = TestUITestTests.swift; sourceTree = "<group>"; };
		C8F041FC1D118EAE0065A5A7 /* Info.plist */ = {isa = PBXFileReference; lastKnownFileType = text.plist.xml; path = Info.plist; sourceTree = "<group>"; };
		C8F042011D118EAE0065A5A7 /* TestUITestUITests.xctest */ = {isa = PBXFileReference; explicitFileType = wrapper.cfbundle; includeInIndex = 0; path = TestUITestUITests.xctest; sourceTree = BUILT_PRODUCTS_DIR; };
		C8F042051D118EAE0065A5A7 /* TestUITestUITests.swift */ = {isa = PBXFileReference; lastKnownFileType = sourcecode.swift; path = TestUITestUITests.swift; sourceTree = "<group>"; };
		C8F042071D118EAE0065A5A7 /* Info.plist */ = {isa = PBXFileReference; lastKnownFileType = text.plist.xml; path = Info.plist; sourceTree = "<group>"; };
/* End PBXFileReference section */

/* Begin PBXFrameworksBuildPhase section */
		C8F041DF1D118EAD0065A5A7 /* Frameworks */ = {
			isa = PBXFrameworksBuildPhase;
			buildActionMask = 2147483647;
			files = (
			);
			runOnlyForDeploymentPostprocessing = 0;
		};
		C8F041F31D118EAE0065A5A7 /* Frameworks */ = {
			isa = PBXFrameworksBuildPhase;
			buildActionMask = 2147483647;
			files = (
			);
			runOnlyForDeploymentPostprocessing = 0;
		};
		C8F041FE1D118EAE0065A5A7 /* Frameworks */ = {
			isa = PBXFrameworksBuildPhase;
			buildActionMask = 2147483647;
			files = (
			);
			runOnlyForDeploymentPostprocessing = 0;
		};
/* End PBXFrameworksBuildPhase section */

/* Begin PBXGroup section */
		C8F041D91D118EAD0065A5A7 = {
			isa = PBXGroup;
			children = (
				C8F041E41D118EAE0065A5A7 /* TestUITest */,
				C8F041F91D118EAE0065A5A7 /* TestUITestTests */,
				C8F042041D118EAE0065A5A7 /* TestUITestUITests */,
				C8F041E31D118EAE0065A5A7 /* Products */,
			);
			sourceTree = "<group>";
		};
		C8F041E31D118EAE0065A5A7 /* Products */ = {
			isa = PBXGroup;
			children = (
				C8F041E21D118EAE0065A5A7 /* TestUITest.app */,
				C8F041F61D118EAE0065A5A7 /* TestUITestTests.xctest */,
				C8F042011D118EAE0065A5A7 /* TestUITestUITests.xctest */,
			);
			name = Products;
			sourceTree = "<group>";
		};
		C8F041E41D118EAE0065A5A7 /* TestUITest */ = {
			isa = PBXGroup;
			children = (
				C8F041E51D118EAE0065A5A7 /* AppDelegate.swift */,
				C8F041E71D118EAE0065A5A7 /* ViewController.swift */,
				C8F041E91D118EAE0065A5A7 /* Main.storyboard */,
				C8F041EC1D118EAE0065A5A7 /* Assets.xcassets */,
				C8F041EE1D118EAE0065A5A7 /* LaunchScreen.storyboard */,
				C8F041F11D118EAE0065A5A7 /* Info.plist */,
			);
			path = TestUITest;
			sourceTree = "<group>";
		};
		C8F041F91D118EAE0065A5A7 /* TestUITestTests */ = {
			isa = PBXGroup;
			children = (
				C8F041FA1D118EAE0065A5A7 /* TestUITestTests.swift */,
				C8F041FC1D118EAE0065A5A7 /* Info.plist */,
			);
			path = TestUITestTests;
			sourceTree = "<group>";
		};
		C8F042041D118EAE0065A5A7 /* TestUITestUITests */ = {
			isa = PBXGroup;
			children = (
				C8F042051D118EAE0065A5A7 /* TestUITestUITests.swift */,
				C8F042071D118EAE0065A5A7 /* Info.plist */,
			);
			path = TestUITestUITests;
			sourceTree = "<group>";
		};
/* End PBXGroup section */

/* Begin PBXNativeTarget section */
		C8F041E11D118EAD0065A5A7 /* TestUITest */ = {
			isa = PBXNativeTarget;
			buildConfigurationList = C8F0420A1D118EAE0065A5A7 /* Build configuration list for PBXNativeTarget "TestUITest" */;
			buildPhases = (
				C8F041DE1D118EAD0065A5A7 /* Sources */,
				C8F041DF1D118EAD0065A5A7 /* Frameworks */,
				C8F041E01D118EAD0065A5A7 /* Resources */,
			);
			buildRules = (
			);
			dependencies = (
			);
			name = TestUITest;
			productName = TestUITest;
			productReference = C8F041E21D118EAE0065A5A7 /* TestUITest.app */;
			productType = "com.apple.product-type.application";
		};
		C8F041F51D118EAE0065A5A7 /* TestUITestTests */ = {
			isa = PBXNativeTarget;
			buildConfigurationList = C8F0420D1D118EAE0065A5A7 /* Build configuration list for PBXNativeTarget "TestUITestTests" */;
			buildPhases = (
				C8F041F21D118EAE0065A5A7 /* Sources */,
				C8F041F31D118EAE0065A5A7 /* Frameworks */,
				C8F041F41D118EAE0065A5A7 /* Resources */,
			);
			buildRules = (
			);
			dependencies = (
				C8F041F81D118EAE0065A5A7 /* PBXTargetDependency */,
			);
			name = TestUITestTests;
			productName = TestUITestTests;
			productReference = C8F041F61D118EAE0065A5A7 /* TestUITestTests.xctest */;
			productType = "com.apple.product-type.bundle.unit-test";
		};
		C8F042001D118EAE0065A5A7 /* TestUITestUITests */ = {
			isa = PBXNativeTarget;
			buildConfigurationList = C8F042101D118EAE0065A5A7 /* Build configuration list for PBXNativeTarget "TestUITestUITests" */;
			buildPhases = (
				C8F041FD1D118EAE0065A5A7 /* Sources */,
				C8F041FE1D118EAE0065A5A7 /* Frameworks */,
				C8F041FF1D118EAE0065A5A7 /* Resources */,
			);
			buildRules = (
			);
			dependencies = (
				C8F042031D118EAE0065A5A7 /* PBXTargetDependency */,
			);
			name = TestUITestUITests;
			productName = TestUITestUITests;
			productReference = C8F042011D118EAE0065A5A7 /* TestUITestUITests.xctest */;
			productType = "com.apple.product-type.bundle.ui-testing";
		};
/* End PBXNativeTarget section */

/* Begin PBXProject section */
		C8F041DA1D118EAD0065A5A7 /* Project object */ = {
			isa = PBXProject;
			attributes = {
				LastSwiftUpdateCheck = 0800;
				LastUpgradeCheck = 0800;
				ORGANIZATIONNAME = Jackie;
				TargetAttributes = {
					C8F041E11D118EAD0065A5A7 = {
						CreatedOnToolsVersion = 8.0;
						DevelopmentTeam = 7T8MYTG38S;
						DevelopmentTeamName = "Chi Qi (Personal Team)";
						ProvisioningStyle = Automatic;
					};
					C8F041F51D118EAE0065A5A7 = {
						CreatedOnToolsVersion = 8.0;
						DevelopmentTeam = 7T8MYTG38S;
						DevelopmentTeamName = "Chi Qi (Personal Team)";
						ProvisioningStyle = Automatic;
						TestTargetID = C8F041E11D118EAD0065A5A7;
					};
					C8F042001D118EAE0065A5A7 = {
						CreatedOnToolsVersion = 8.0;
						DevelopmentTeam = 7T8MYTG38S;
						DevelopmentTeamName = "Chi Qi (Personal Team)";
						ProvisioningStyle = Automatic;
						TestTargetID = C8F041E11D118EAD0065A5A7;
					};
				};
			};
			buildConfigurationList = C8F041DD1D118EAD0065A5A7 /* Build configuration list for PBXProject "TestUITest" */;
			compatibilityVersion = "Xcode 3.2";
			developmentRegion = English;
			hasScannedForEncodings = 0;
			knownRegions = (
				en,
				Base,
			);
			mainGroup = C8F041D91D118EAD0065A5A7;
			productRefGroup = C8F041E31D118EAE0065A5A7 /* Products */;
			projectDirPath = "";
			projectRoot = "";
			targets = (
				C8F041E11D118EAD0065A5A7 /* TestUITest */,
				C8F041F51D118EAE0065A5A7 /* TestUITestTests */,
				C8F042001D118EAE0065A5A7 /* TestUITestUITests */,
			);
		};
/* End PBXProject section */

/* Begin PBXResourcesBuildPhase section */
		C8F041E01D118EAD0065A5A7 /* Resources */ = {
			isa = PBXResourcesBuildPhase;
			buildActionMask = 2147483647;
			files = (
				C8F041F01D118EAE0065A5A7 /* LaunchScreen.storyboard in Resources */,
				C8F041ED1D118EAE0065A5A7 /* Assets.xcassets in Resources */,
				C8F041EB1D118EAE0065A5A7 /* Main.storyboard in Resources */,
			);
			runOnlyForDeploymentPostprocessing = 0;
		};
		C8F041F41D118EAE0065A5A7 /* Resources */ = {
			isa = PBXResourcesBuildPhase;
			buildActionMask = 2147483647;
			files = (
			);
			runOnlyForDeploymentPostprocessing = 0;
		};
		C8F041FF1D118EAE0065A5A7 /* Resources */ = {
			isa = PBXResourcesBuildPhase;
			buildActionMask = 2147483647;
			files = (
			);
			runOnlyForDeploymentPostprocessing = 0;
		};
/* End PBXResourcesBuildPhase section */

/* Begin PBXSourcesBuildPhase section */
		C8F041DE1D118EAD0065A5A7 /* Sources */ = {
			isa = PBXSourcesBuildPhase;
			buildActionMask = 2147483647;
			files = (
				C8F041E81D118EAE0065A5A7 /* ViewController.swift in Sources */,
				C8F041E61D118EAE0065A5A7 /* AppDelegate.swift in Sources */,
			);
			runOnlyForDeploymentPostprocessing = 0;
		};
		C8F041F21D118EAE0065A5A7 /* Sources */ = {
			isa = PBXSourcesBuildPhase;
			buildActionMask = 2147483647;
			files = (
				C8F041FB1D118EAE0065A5A7 /* TestUITestTests.swift in Sources */,
			);
			runOnlyForDeploymentPostprocessing = 0;
		};
		C8F041FD1D118EAE0065A5A7 /* Sources */ = {
			isa = PBXSourcesBuildPhase;
			buildActionMask = 2147483647;
			files = (
				C8F042061D118EAE0065A5A7 /* TestUITestUITests.swift in Sources */,
			);
			runOnlyForDeploymentPostprocessing = 0;
		};
/* End PBXSourcesBuildPhase section */

/* Begin PBXTargetDependency section */
		C8F041F81D118EAE0065A5A7 /* PBXTargetDependency */ = {
			isa = PBXTargetDependency;
			target = C8F041E11D118EAD0065A5A7 /* TestUITest */;
			targetProxy = C8F041F71D118EAE0065A5A7 /* PBXContainerItemProxy */;
		};
		C8F042031D118EAE0065A5A7 /* PBXTargetDependency */ = {
			isa = PBXTargetDependency;
			target = C8F041E11D118EAD0065A5A7 /* TestUITest */;
			targetProxy = C8F042021D118EAE0065A5A7 /* PBXContainerItemProxy */;
		};
/* End PBXTargetDependency section */

/* Begin PBXVariantGroup section */
		C8F041E91D118EAE0065A5A7 /* Main.storyboard */ = {
			isa = PBXVariantGroup;
			children = (
				C8F041EA1D118EAE0065A5A7 /* Base */,
			);
			name = Main.storyboard;
			sourceTree = "<group>";
		};
		C8F041EE1D118EAE0065A5A7 /* LaunchScreen.storyboard */ = {
			isa = PBXVariantGroup;
			children = (
				C8F041EF1D118EAE0065A5A7 /* Base */,
			);
			name = LaunchScreen.storyboard;
			sourceTree = "<group>";
		};
/* End PBXVariantGroup section */

/* Begin XCBuildConfiguration section */
		C8F042081D118EAE0065A5A7 /* Debug */ = {
			isa = XCBuildConfiguration;
			buildSettings = {
				ALWAYS_SEARCH_USER_PATHS = NO;
				CLANG_ANALYZER_NONNULL = YES;
				CLANG_CXX_LANGUAGE_STANDARD = "gnu++0x";
				CLANG_CXX_LIBRARY = "libc++";
				CLANG_ENABLE_MODULES = YES;
				CLANG_ENABLE_OBJC_ARC = YES;
				CLANG_WARN_BOOL_CONVERSION = YES;
				CLANG_WARN_CONSTANT_CONVERSION = YES;
				CLANG_WARN_DIRECT_OBJC_ISA_USAGE = YES_ERROR;
				CLANG_WARN_DOCUMENTATION_COMMENTS = YES;
				CLANG_WARN_EMPTY_BODY = YES;
				CLANG_WARN_ENUM_CONVERSION = YES;
				CLANG_WARN_INT_CONVERSION = YES;
				CLANG_WARN_OBJC_ROOT_CLASS = YES_ERROR;
				CLANG_WARN_UNREACHABLE_CODE = YES;
				CLANG_WARN__DUPLICATE_METHOD_MATCH = YES;
				"CODE_SIGN_IDENTITY[sdk=iphoneos*]" = "iPhone Developer";
				COPY_PHASE_STRIP = NO;
				DEBUG_INFORMATION_FORMAT = dwarf;
				ENABLE_STRICT_OBJC_MSGSEND = YES;
				ENABLE_TESTABILITY = YES;
				GCC_C_LANGUAGE_STANDARD = gnu99;
				GCC_DYNAMIC_NO_PIC = NO;
				GCC_NO_COMMON_BLOCKS = YES;
				GCC_OPTIMIZATION_LEVEL = 0;
				GCC_PREPROCESSOR_DEFINITIONS = (
					"DEBUG=1",
					"$(inherited)",
				);
				GCC_WARN_64_TO_32_BIT_CONVERSION = YES;
				GCC_WARN_ABOUT_RETURN_TYPE = YES_ERROR;
				GCC_WARN_UNDECLARED_SELECTOR = YES;
				GCC_WARN_UNINITIALIZED_AUTOS = YES_AGGRESSIVE;
				GCC_WARN_UNUSED_FUNCTION = YES;
				GCC_WARN_UNUSED_VARIABLE = YES;
				IPHONEOS_DEPLOYMENT_TARGET = 10.0;
				MTL_ENABLE_DEBUG_INFO = YES;
				ONLY_ACTIVE_ARCH = YES;
				SDKROOT = iphoneos;
				SWIFT_ACTIVE_COMPILATION_CONDITIONS = DEBUG;
				SWIFT_OPTIMIZATION_LEVEL = "-Onone";
				TARGETED_DEVICE_FAMILY = "1,2";
			};
			name = Debug;
		};
		C8F042091D118EAE0065A5A7 /* Release */ = {
			isa = XCBuildConfiguration;
			buildSettings = {
				ALWAYS_SEARCH_USER_PATHS = NO;
				CLANG_ANALYZER_NONNULL = YES;
				CLANG_CXX_LANGUAGE_STANDARD = "gnu++0x";
				CLANG_CXX_LIBRARY = "libc++";
				CLANG_ENABLE_MODULES = YES;
				CLANG_ENABLE_OBJC_ARC = YES;
				CLANG_WARN_BOOL_CONVERSION = YES;
				CLANG_WARN_CONSTANT_CONVERSION = YES;
				CLANG_WARN_DIRECT_OBJC_ISA_USAGE = YES_ERROR;
				CLANG_WARN_DOCUMENTATION_COMMENTS = YES;
				CLANG_WARN_EMPTY_BODY = YES;
				CLANG_WARN_ENUM_CONVERSION = YES;
				CLANG_WARN_INT_CONVERSION = YES;
				CLANG_WARN_OBJC_ROOT_CLASS = YES_ERROR;
				CLANG_WARN_UNREACHABLE_CODE = YES;
				CLANG_WARN__DUPLICATE_METHOD_MATCH = YES;
				"CODE_SIGN_IDENTITY[sdk=iphoneos*]" = "iPhone Developer";
				COPY_PHASE_STRIP = NO;
				DEBUG_INFORMATION_FORMAT = "dwarf-with-dsym";
				ENABLE_NS_ASSERTIONS = NO;
				ENABLE_STRICT_OBJC_MSGSEND = YES;
				GCC_C_LANGUAGE_STANDARD = gnu99;
				GCC_NO_COMMON_BLOCKS = YES;
				GCC_WARN_64_TO_32_BIT_CONVERSION = YES;
				GCC_WARN_ABOUT_RETURN_TYPE = YES_ERROR;
				GCC_WARN_UNDECLARED_SELECTOR = YES;
				GCC_WARN_UNINITIALIZED_AUTOS = YES_AGGRESSIVE;
				GCC_WARN_UNUSED_FUNCTION = YES;
				GCC_WARN_UNUSED_VARIABLE = YES;
				IPHONEOS_DEPLOYMENT_TARGET = 10.0;
				MTL_ENABLE_DEBUG_INFO = NO;
				SDKROOT = iphoneos;
				SWIFT_OPTIMIZATION_LEVEL = "-Owholemodule";
				TARGETED_DEVICE_FAMILY = "1,2";
				VALIDATE_PRODUCT = YES;
			};
			name = Release;
		};
		C8F0420B1D118EAE0065A5A7 /* Debug */ = {
			isa = XCBuildConfiguration;
			buildSettings = {
				ASSETCATALOG_COMPILER_APPICON_NAME = AppIcon;
				INFOPLIST_FILE = TestUITest/Info.plist;
				LD_RUNPATH_SEARCH_PATHS = "$(inherited) @executable_path/Frameworks";
				PRODUCT_BUNDLE_IDENTIFIER = com.jackie.uitest.TestUITest;
				PRODUCT_NAME = "$(TARGET_NAME)";
				SWIFT_VERSION = 3.0;
			};
			name = Debug;
		};
		C8F0420C1D118EAE0065A5A7 /* Release */ = {
			isa = XCBuildConfiguration;
			buildSettings = {
				ASSETCATALOG_COMPILER_APPICON_NAME = AppIcon;
				INFOPLIST_FILE = TestUITest/Info.plist;
				LD_RUNPATH_SEARCH_PATHS = "$(inherited) @executable_path/Frameworks";
				PRODUCT_BUNDLE_IDENTIFIER = com.jackie.uitest.TestUITest;
				PRODUCT_NAME = "$(TARGET_NAME)";
				SWIFT_VERSION = 3.0;
			};
			name = Release;
		};
		C8F0420E1D118EAE0065A5A7 /* Debug */ = {
			isa = XCBuildConfiguration;
			buildSettings = {
				BUNDLE_LOADER = "$(TEST_HOST)";
				INFOPLIST_FILE = TestUITestTests/Info.plist;
				LD_RUNPATH_SEARCH_PATHS = "$(inherited) @executable_path/Frameworks @loader_path/Frameworks";
				PRODUCT_BUNDLE_IDENTIFIER = com.jackie.uitest.TestUITestTests;
				PRODUCT_NAME = "$(TARGET_NAME)";
				SWIFT_VERSION = 3.0;
				TEST_HOST = "$(BUILT_PRODUCTS_DIR)/TestUITest.app/TestUITest";
			};
			name = Debug;
		};
		C8F0420F1D118EAE0065A5A7 /* Release */ = {
			isa = XCBuildConfiguration;
			buildSettings = {
				BUNDLE_LOADER = "$(TEST_HOST)";
				INFOPLIST_FILE = TestUITestTests/Info.plist;
				LD_RUNPATH_SEARCH_PATHS = "$(inherited) @executable_path/Frameworks @loader_path/Frameworks";
				PRODUCT_BUNDLE_IDENTIFIER = com.jackie.uitest.TestUITestTests;
				PRODUCT_NAME = "$(TARGET_NAME)";
				SWIFT_VERSION = 3.0;
				TEST_HOST = "$(BUILT_PRODUCTS_DIR)/TestUITest.app/TestUITest";
			};
			name = Release;
		};
		C8F042111D118EAE0065A5A7 /* Debug */ = {
			isa = XCBuildConfiguration;
			buildSettings = {
				INFOPLIST_FILE = TestUITestUITests/Info.plist;
				LD_RUNPATH_SEARCH_PATHS = "$(inherited) @executable_path/Frameworks @loader_path/Frameworks";
				PRODUCT_BUNDLE_IDENTIFIER = com.jackie.uitest.TestUITestUITests;
				PRODUCT_NAME = "$(TARGET_NAME)";
				SWIFT_VERSION = 3.0;
				TEST_TARGET_NAME = TestUITest;
			};
			name = Debug;
		};
		C8F042121D118EAE0065A5A7 /* Release */ = {
			isa = XCBuildConfiguration;
			buildSettings = {
				INFOPLIST_FILE = TestUITestUITests/Info.plist;
				LD_RUNPATH_SEARCH_PATHS = "$(inherited) @executable_path/Frameworks @loader_path/Frameworks";
				PRODUCT_BUNDLE_IDENTIFIER = com.jackie.uitest.TestUITestUITests;
				PRODUCT_NAME = "$(TARGET_NAME)";
				SWIFT_VERSION = 3.0;
				TEST_TARGET_NAME = TestUITest;
			};
			name = Release;
		};
/* End XCBuildConfiguration section */

/* Begin XCConfigurationList section */
		C8F041DD1D118EAD0065A5A7 /* Build configuration list for PBXProject "TestUITest" */ = {
			isa = XCConfigurationList;
			buildConfigurations = (
				C8F042081D118EAE0065A5A7 /* Debug */,
				C8F042091D118EAE0065A5A7 /* Release */,
			);
			defaultConfigurationIsVisible = 0;
			defaultConfigurationName = Release;
		};
		C8F0420A1D118EAE0065A5A7 /* Build configuration list for PBXNativeTarget "TestUITest" */ = {
			isa = XCConfigurationList;
			buildConfigurations = (
				C8F0420B1D118EAE0065A5A7 /* Debug */,
				C8F0420C1D118EAE0065A5A7 /* Release */,
			);
			defaultConfigurationIsVisible = 0;
		};
		C8F0420D1D118EAE0065A5A7 /* Build configuration list for PBXNativeTarget "TestUITestTests" */ = {
			isa = XCConfigurationList;
			buildConfigurations = (
				C8F0420E1D118EAE0065A5A7 /* Debug */,
				C8F0420F1D118EAE0065A5A7 /* Release */,
			);
			defaultConfigurationIsVisible = 0;
		};
		C8F042101D118EAE0065A5A7 /* Build configuration list for PBXNativeTarget "TestUITestUITests" */ = {
			isa = XCConfigurationList;
			buildConfigurations = (
				C8F042111D118EAE0065A5A7 /* Debug */,
				C8F042121D118EAE0065A5A7 /* Release */,
			);
			defaultConfigurationIsVisible = 0;
		};
/* End XCConfigurationList section */
	};
	rootObject = C8F041DA1D118EAD0065A5A7 /* Project object */;
}
